// !$*UTF8*$!
{
	archiveVersion = 1;
	classes = {
	};
	objectVersion = 55;
	objects = {

/* Begin PBXBuildFile section */
		142161F728B1E2A000BB9D50 /* SecondCollectionViewCell.swift in Sources */ = {isa = PBXBuildFile; fileRef = 142161F628B1E2A000BB9D50 /* SecondCollectionViewCell.swift */; };
		142161F928B1E78600BB9D50 /* BaseViewCell.swift in Sources */ = {isa = PBXBuildFile; fileRef = 142161F828B1E78600BB9D50 /* BaseViewCell.swift */; };
		142161FC28B1F02400BB9D50 /* Kingfisher in Frameworks */ = {isa = PBXBuildFile; productRef = 142161FB28B1F02400BB9D50 /* Kingfisher */; };
		142161FF28B1F03100BB9D50 /* SwiftyJSON in Frameworks */ = {isa = PBXBuildFile; productRef = 142161FE28B1F03100BB9D50 /* SwiftyJSON */; };
		1421620228B1F04000BB9D50 /* Alamofire in Frameworks */ = {isa = PBXBuildFile; productRef = 1421620128B1F04000BB9D50 /* Alamofire */; };
		1421620428B1F0B400BB9D50 /* APIKey.swift in Sources */ = {isa = PBXBuildFile; fileRef = 1421620328B1F0B400BB9D50 /* APIKey.swift */; };
		1421620628B1FA6600BB9D50 /* APIManager.swift in Sources */ = {isa = PBXBuildFile; fileRef = 1421620528B1FA6600BB9D50 /* APIManager.swift */; };
		1421620828B1FAB800BB9D50 /* EndPoint.swift in Sources */ = {isa = PBXBuildFile; fileRef = 1421620728B1FAB800BB9D50 /* EndPoint.swift */; };
		1421620B28B2102900BB9D50 /* UnsplashData.swift in Sources */ = {isa = PBXBuildFile; fileRef = 1421620A28B2102900BB9D50 /* UnsplashData.swift */; };
		14A6511D28B1319B0098CAC4 /* AppDelegate.swift in Sources */ = {isa = PBXBuildFile; fileRef = 14A6511C28B1319B0098CAC4 /* AppDelegate.swift */; };
		14A6511F28B1319B0098CAC4 /* SceneDelegate.swift in Sources */ = {isa = PBXBuildFile; fileRef = 14A6511E28B1319B0098CAC4 /* SceneDelegate.swift */; };
		14A6512128B1319B0098CAC4 /* ViewController.swift in Sources */ = {isa = PBXBuildFile; fileRef = 14A6512028B1319B0098CAC4 /* ViewController.swift */; };
		14A6512428B1319B0098CAC4 /* Main.storyboard in Resources */ = {isa = PBXBuildFile; fileRef = 14A6512228B1319B0098CAC4 /* Main.storyboard */; };
		14A6512628B1319C0098CAC4 /* Assets.xcassets in Resources */ = {isa = PBXBuildFile; fileRef = 14A6512528B1319C0098CAC4 /* Assets.xcassets */; };
		14A6512928B1319C0098CAC4 /* LaunchScreen.storyboard in Resources */ = {isa = PBXBuildFile; fileRef = 14A6512728B1319C0098CAC4 /* LaunchScreen.storyboard */; };
		14A6513328B134F30098CAC4 /* BaseViewController.swift in Sources */ = {isa = PBXBuildFile; fileRef = 14A6513228B134F30098CAC4 /* BaseViewController.swift */; };
		14A6513528B135260098CAC4 /* MainViewController.swift in Sources */ = {isa = PBXBuildFile; fileRef = 14A6513428B135260098CAC4 /* MainViewController.swift */; };
		14A6513728B135590098CAC4 /* BaseView.swift in Sources */ = {isa = PBXBuildFile; fileRef = 14A6513628B135590098CAC4 /* BaseView.swift */; };
		14A6513928B1357A0098CAC4 /* MainView.swift in Sources */ = {isa = PBXBuildFile; fileRef = 14A6513828B1357A0098CAC4 /* MainView.swift */; };
		14A6513D28B1360F0098CAC4 /* CustomTextField.swift in Sources */ = {isa = PBXBuildFile; fileRef = 14A6513C28B1360F0098CAC4 /* CustomTextField.swift */; };
		14A6514028B137F60098CAC4 /* SnapKit in Frameworks */ = {isa = PBXBuildFile; productRef = 14A6513F28B137F60098CAC4 /* SnapKit */; };
		14A6514328B141F90098CAC4 /* Reuseble.swift in Sources */ = {isa = PBXBuildFile; fileRef = 14A6514228B141F90098CAC4 /* Reuseble.swift */; };
		14A6514628B1448E0098CAC4 /* SecondViewController.swift in Sources */ = {isa = PBXBuildFile; fileRef = 14A6514528B1448E0098CAC4 /* SecondViewController.swift */; };
		14A6514828B144CE0098CAC4 /* SecondView.swift in Sources */ = {isa = PBXBuildFile; fileRef = 14A6514728B144CE0098CAC4 /* SecondView.swift */; };
		14CADA1428B3D68E005D5912 /* BaseTableViewCell.swift in Sources */ = {isa = PBXBuildFile; fileRef = 14CADA1328B3D68E005D5912 /* BaseTableViewCell.swift */; };
		14CADA1628B3D850005D5912 /* HomeViewController.swift in Sources */ = {isa = PBXBuildFile; fileRef = 14CADA1528B3D850005D5912 /* HomeViewController.swift */; };
		14CADA1928B3D882005D5912 /* Realm in Frameworks */ = {isa = PBXBuildFile; productRef = 14CADA1828B3D882005D5912 /* Realm */; };
		14CADA1B28B3D882005D5912 /* RealmSwift in Frameworks */ = {isa = PBXBuildFile; productRef = 14CADA1A28B3D882005D5912 /* RealmSwift */; };
		14CADA1D28B3D995005D5912 /* HomeView.swift in Sources */ = {isa = PBXBuildFile; fileRef = 14CADA1C28B3D995005D5912 /* HomeView.swift */; };
		14CADA1F28B3DC11005D5912 /* HomeTableViewCell.swift in Sources */ = {isa = PBXBuildFile; fileRef = 14CADA1E28B3DC11005D5912 /* HomeTableViewCell.swift */; };
		14CADA2328B3EC5F005D5912 /* RealmModel.swift in Sources */ = {isa = PBXBuildFile; fileRef = 14CADA2228B3EC5F005D5912 /* RealmModel.swift */; };
/* End PBXBuildFile section */

/* Begin PBXFileReference section */
		142161F628B1E2A000BB9D50 /* SecondCollectionViewCell.swift */ = {isa = PBXFileReference; lastKnownFileType = sourcecode.swift; path = SecondCollectionViewCell.swift; sourceTree = "<group>"; };
		142161F828B1E78600BB9D50 /* BaseViewCell.swift */ = {isa = PBXFileReference; lastKnownFileType = sourcecode.swift; path = BaseViewCell.swift; sourceTree = "<group>"; };
		1421620328B1F0B400BB9D50 /* APIKey.swift */ = {isa = PBXFileReference; lastKnownFileType = sourcecode.swift; path = APIKey.swift; sourceTree = "<group>"; };
		1421620528B1FA6600BB9D50 /* APIManager.swift */ = {isa = PBXFileReference; lastKnownFileType = sourcecode.swift; path = APIManager.swift; sourceTree = "<group>"; };
		1421620728B1FAB800BB9D50 /* EndPoint.swift */ = {isa = PBXFileReference; lastKnownFileType = sourcecode.swift; path = EndPoint.swift; sourceTree = "<group>"; };
		1421620A28B2102900BB9D50 /* UnsplashData.swift */ = {isa = PBXFileReference; lastKnownFileType = sourcecode.swift; path = UnsplashData.swift; sourceTree = "<group>"; };
		14A6511928B1319B0098CAC4 /* Diary.app */ = {isa = PBXFileReference; explicitFileType = wrapper.application; includeInIndex = 0; path = Diary.app; sourceTree = BUILT_PRODUCTS_DIR; };
		14A6511C28B1319B0098CAC4 /* AppDelegate.swift */ = {isa = PBXFileReference; lastKnownFileType = sourcecode.swift; path = AppDelegate.swift; sourceTree = "<group>"; };
		14A6511E28B1319B0098CAC4 /* SceneDelegate.swift */ = {isa = PBXFileReference; lastKnownFileType = sourcecode.swift; path = SceneDelegate.swift; sourceTree = "<group>"; };
		14A6512028B1319B0098CAC4 /* ViewController.swift */ = {isa = PBXFileReference; lastKnownFileType = sourcecode.swift; path = ViewController.swift; sourceTree = "<group>"; };
		14A6512328B1319B0098CAC4 /* Base */ = {isa = PBXFileReference; lastKnownFileType = file.storyboard; name = Base; path = Base.lproj/Main.storyboard; sourceTree = "<group>"; };
		14A6512528B1319C0098CAC4 /* Assets.xcassets */ = {isa = PBXFileReference; lastKnownFileType = folder.assetcatalog; path = Assets.xcassets; sourceTree = "<group>"; };
		14A6512828B1319C0098CAC4 /* Base */ = {isa = PBXFileReference; lastKnownFileType = file.storyboard; name = Base; path = Base.lproj/LaunchScreen.storyboard; sourceTree = "<group>"; };
		14A6512A28B1319C0098CAC4 /* Info.plist */ = {isa = PBXFileReference; lastKnownFileType = text.plist.xml; path = Info.plist; sourceTree = "<group>"; };
		14A6513228B134F30098CAC4 /* BaseViewController.swift */ = {isa = PBXFileReference; lastKnownFileType = sourcecode.swift; path = BaseViewController.swift; sourceTree = "<group>"; };
		14A6513428B135260098CAC4 /* MainViewController.swift */ = {isa = PBXFileReference; lastKnownFileType = sourcecode.swift; path = MainViewController.swift; sourceTree = "<group>"; };
		14A6513628B135590098CAC4 /* BaseView.swift */ = {isa = PBXFileReference; lastKnownFileType = sourcecode.swift; path = BaseView.swift; sourceTree = "<group>"; };
		14A6513828B1357A0098CAC4 /* MainView.swift */ = {isa = PBXFileReference; lastKnownFileType = sourcecode.swift; path = MainView.swift; sourceTree = "<group>"; };
		14A6513C28B1360F0098CAC4 /* CustomTextField.swift */ = {isa = PBXFileReference; lastKnownFileType = sourcecode.swift; path = CustomTextField.swift; sourceTree = "<group>"; };
		14A6514228B141F90098CAC4 /* Reuseble.swift */ = {isa = PBXFileReference; lastKnownFileType = sourcecode.swift; path = Reuseble.swift; sourceTree = "<group>"; };
		14A6514528B1448E0098CAC4 /* SecondViewController.swift */ = {isa = PBXFileReference; lastKnownFileType = sourcecode.swift; path = SecondViewController.swift; sourceTree = "<group>"; };
		14A6514728B144CE0098CAC4 /* SecondView.swift */ = {isa = PBXFileReference; lastKnownFileType = sourcecode.swift; path = SecondView.swift; sourceTree = "<group>"; };
		14CADA1328B3D68E005D5912 /* BaseTableViewCell.swift */ = {isa = PBXFileReference; lastKnownFileType = sourcecode.swift; path = BaseTableViewCell.swift; sourceTree = "<group>"; };
		14CADA1528B3D850005D5912 /* HomeViewController.swift */ = {isa = PBXFileReference; lastKnownFileType = sourcecode.swift; path = HomeViewController.swift; sourceTree = "<group>"; };
		14CADA1C28B3D995005D5912 /* HomeView.swift */ = {isa = PBXFileReference; lastKnownFileType = sourcecode.swift; path = HomeView.swift; sourceTree = "<group>"; };
		14CADA1E28B3DC11005D5912 /* HomeTableViewCell.swift */ = {isa = PBXFileReference; lastKnownFileType = sourcecode.swift; path = HomeTableViewCell.swift; sourceTree = "<group>"; };
		14CADA2228B3EC5F005D5912 /* RealmModel.swift */ = {isa = PBXFileReference; lastKnownFileType = sourcecode.swift; path = RealmModel.swift; sourceTree = "<group>"; };
/* End PBXFileReference section */

/* Begin PBXFrameworksBuildPhase section */
		14A6511628B1319B0098CAC4 /* Frameworks */ = {
			isa = PBXFrameworksBuildPhase;
			buildActionMask = 2147483647;
			files = (
				14CADA1B28B3D882005D5912 /* RealmSwift in Frameworks */,
				142161FF28B1F03100BB9D50 /* SwiftyJSON in Frameworks */,
				1421620228B1F04000BB9D50 /* Alamofire in Frameworks */,
				142161FC28B1F02400BB9D50 /* Kingfisher in Frameworks */,
				14A6514028B137F60098CAC4 /* SnapKit in Frameworks */,
				14CADA1928B3D882005D5912 /* Realm in Frameworks */,
			);
			runOnlyForDeploymentPostprocessing = 0;
		};
/* End PBXFrameworksBuildPhase section */

/* Begin PBXGroup section */
		1421620928B2100900BB9D50 /* Data */ = {
			isa = PBXGroup;
			children = (
				1421620528B1FA6600BB9D50 /* APIManager.swift */,
				1421620A28B2102900BB9D50 /* UnsplashData.swift */,
			);
			path = Data;
			sourceTree = "<group>";
		};
		143AEAB328B541F700AB1A21 /* Extension */ = {
			isa = PBXGroup;
			children = (
			);
			path = Extension;
			sourceTree = "<group>";
		};
		14A6511028B1319B0098CAC4 = {
			isa = PBXGroup;
			children = (
				14A6511B28B1319B0098CAC4 /* Diary */,
				14A6511A28B1319B0098CAC4 /* Products */,
			);
			sourceTree = "<group>";
		};
		14A6511A28B1319B0098CAC4 /* Products */ = {
			isa = PBXGroup;
			children = (
				14A6511928B1319B0098CAC4 /* Diary.app */,
			);
			name = Products;
			sourceTree = "<group>";
		};
		14A6511B28B1319B0098CAC4 /* Diary */ = {
			isa = PBXGroup;
			children = (
				143AEAB328B541F700AB1A21 /* Extension */,
				14CADA2128B3EC41005D5912 /* Realm */,
				1421620928B2100900BB9D50 /* Data */,
				14A6514128B141E80098CAC4 /* Constant */,
				14CADA1228B3D5BA005D5912 /* Home */,
				14A6513128B134E50098CAC4 /* Main */,
				14A6513B28B135F20098CAC4 /* Utility */,
				14A6511C28B1319B0098CAC4 /* AppDelegate.swift */,
				14A6511E28B1319B0098CAC4 /* SceneDelegate.swift */,
				14A6512028B1319B0098CAC4 /* ViewController.swift */,
				14A6512228B1319B0098CAC4 /* Main.storyboard */,
				14A6512528B1319C0098CAC4 /* Assets.xcassets */,
				14A6512728B1319C0098CAC4 /* LaunchScreen.storyboard */,
				14A6512A28B1319C0098CAC4 /* Info.plist */,
			);
			path = Diary;
			sourceTree = "<group>";
		};
		14A6513028B134D60098CAC4 /* Base */ = {
			isa = PBXGroup;
			children = (
				14A6513228B134F30098CAC4 /* BaseViewController.swift */,
				14A6513628B135590098CAC4 /* BaseView.swift */,
				142161F828B1E78600BB9D50 /* BaseViewCell.swift */,
				14CADA1328B3D68E005D5912 /* BaseTableViewCell.swift */,
			);
			path = Base;
			sourceTree = "<group>";
		};
		14A6513128B134E50098CAC4 /* Main */ = {
			isa = PBXGroup;
			children = (
				14A6513428B135260098CAC4 /* MainViewController.swift */,
				14A6513828B1357A0098CAC4 /* MainView.swift */,
				14A6514528B1448E0098CAC4 /* SecondViewController.swift */,
				14A6514728B144CE0098CAC4 /* SecondView.swift */,
				142161F628B1E2A000BB9D50 /* SecondCollectionViewCell.swift */,
			);
			path = Main;
			sourceTree = "<group>";
		};
		14A6513A28B135E20098CAC4 /* Custom */ = {
			isa = PBXGroup;
			children = (
				14A6513C28B1360F0098CAC4 /* CustomTextField.swift */,
			);
			path = Custom;
			sourceTree = "<group>";
		};
		14A6513B28B135F20098CAC4 /* Utility */ = {
			isa = PBXGroup;
			children = (
				14A6513A28B135E20098CAC4 /* Custom */,
				14A6513028B134D60098CAC4 /* Base */,
			);
			path = Utility;
			sourceTree = "<group>";
		};
		14A6514128B141E80098CAC4 /* Constant */ = {
			isa = PBXGroup;
			children = (
				14A6514228B141F90098CAC4 /* Reuseble.swift */,
				1421620328B1F0B400BB9D50 /* APIKey.swift */,
				1421620728B1FAB800BB9D50 /* EndPoint.swift */,
			);
			path = Constant;
			sourceTree = "<group>";
		};
		14CADA1228B3D5BA005D5912 /* Home */ = {
			isa = PBXGroup;
			children = (
				14CADA1528B3D850005D5912 /* HomeViewController.swift */,
				14CADA1C28B3D995005D5912 /* HomeView.swift */,
				14CADA1E28B3DC11005D5912 /* HomeTableViewCell.swift */,
			);
			path = Home;
			sourceTree = "<group>";
		};
		14CADA2128B3EC41005D5912 /* Realm */ = {
			isa = PBXGroup;
			children = (
				14CADA2228B3EC5F005D5912 /* RealmModel.swift */,
			);
			path = Realm;
			sourceTree = "<group>";
		};
/* End PBXGroup section */

/* Begin PBXNativeTarget section */
		14A6511828B1319B0098CAC4 /* Diary */ = {
			isa = PBXNativeTarget;
			buildConfigurationList = 14A6512D28B1319C0098CAC4 /* Build configuration list for PBXNativeTarget "Diary" */;
			buildPhases = (
				14A6511528B1319B0098CAC4 /* Sources */,
				14A6511628B1319B0098CAC4 /* Frameworks */,
				14A6511728B1319B0098CAC4 /* Resources */,
			);
			buildRules = (
			);
			dependencies = (
			);
			name = Diary;
			packageProductDependencies = (
				14A6513F28B137F60098CAC4 /* SnapKit */,
				142161FB28B1F02400BB9D50 /* Kingfisher */,
				142161FE28B1F03100BB9D50 /* SwiftyJSON */,
				1421620128B1F04000BB9D50 /* Alamofire */,
				14CADA1828B3D882005D5912 /* Realm */,
				14CADA1A28B3D882005D5912 /* RealmSwift */,
			);
			productName = Diary;
			productReference = 14A6511928B1319B0098CAC4 /* Diary.app */;
			productType = "com.apple.product-type.application";
		};
/* End PBXNativeTarget section */

/* Begin PBXProject section */
		14A6511128B1319B0098CAC4 /* Project object */ = {
			isa = PBXProject;
			attributes = {
				BuildIndependentTargetsInParallel = 1;
				LastSwiftUpdateCheck = 1340;
				LastUpgradeCheck = 1340;
				TargetAttributes = {
					14A6511828B1319B0098CAC4 = {
						CreatedOnToolsVersion = 13.4.1;
					};
				};
			};
			buildConfigurationList = 14A6511428B1319B0098CAC4 /* Build configuration list for PBXProject "Diary" */;
			compatibilityVersion = "Xcode 13.0";
			developmentRegion = en;
			hasScannedForEncodings = 0;
			knownRegions = (
				en,
				Base,
			);
			mainGroup = 14A6511028B1319B0098CAC4;
			packageReferences = (
				14A6513E28B137F60098CAC4 /* XCRemoteSwiftPackageReference "SnapKit" */,
				142161FA28B1F02400BB9D50 /* XCRemoteSwiftPackageReference "Kingfisher" */,
				142161FD28B1F03100BB9D50 /* XCRemoteSwiftPackageReference "SwiftyJSON" */,
				1421620028B1F04000BB9D50 /* XCRemoteSwiftPackageReference "Alamofire" */,
				14CADA1728B3D882005D5912 /* XCRemoteSwiftPackageReference "realm-swift" */,
			);
			productRefGroup = 14A6511A28B1319B0098CAC4 /* Products */;
			projectDirPath = "";
			projectRoot = "";
			targets = (
				14A6511828B1319B0098CAC4 /* Diary */,
			);
		};
/* End PBXProject section */

/* Begin PBXResourcesBuildPhase section */
		14A6511728B1319B0098CAC4 /* Resources */ = {
			isa = PBXResourcesBuildPhase;
			buildActionMask = 2147483647;
			files = (
				14A6512928B1319C0098CAC4 /* LaunchScreen.storyboard in Resources */,
				14A6512628B1319C0098CAC4 /* Assets.xcassets in Resources */,
				14A6512428B1319B0098CAC4 /* Main.storyboard in Resources */,
			);
			runOnlyForDeploymentPostprocessing = 0;
		};
/* End PBXResourcesBuildPhase section */

/* Begin PBXSourcesBuildPhase section */
		14A6511528B1319B0098CAC4 /* Sources */ = {
			isa = PBXSourcesBuildPhase;
			buildActionMask = 2147483647;
			files = (
				1421620B28B2102900BB9D50 /* UnsplashData.swift in Sources */,
				14A6512128B1319B0098CAC4 /* ViewController.swift in Sources */,
				14CADA1628B3D850005D5912 /* HomeViewController.swift in Sources */,
				14CADA2328B3EC5F005D5912 /* RealmModel.swift in Sources */,
				14A6513928B1357A0098CAC4 /* MainView.swift in Sources */,
				14A6514328B141F90098CAC4 /* Reuseble.swift in Sources */,
				14CADA1428B3D68E005D5912 /* BaseTableViewCell.swift in Sources */,
				142161F728B1E2A000BB9D50 /* SecondCollectionViewCell.swift in Sources */,
				14A6513328B134F30098CAC4 /* BaseViewController.swift in Sources */,
				142161F928B1E78600BB9D50 /* BaseViewCell.swift in Sources */,
				14CADA1F28B3DC11005D5912 /* HomeTableViewCell.swift in Sources */,
				14A6511D28B1319B0098CAC4 /* AppDelegate.swift in Sources */,
				14A6514828B144CE0098CAC4 /* SecondView.swift in Sources */,
				1421620428B1F0B400BB9D50 /* APIKey.swift in Sources */,
				14A6513D28B1360F0098CAC4 /* CustomTextField.swift in Sources */,
				14CADA1D28B3D995005D5912 /* HomeView.swift in Sources */,
				1421620828B1FAB800BB9D50 /* EndPoint.swift in Sources */,
				14A6513728B135590098CAC4 /* BaseView.swift in Sources */,
				14A6511F28B1319B0098CAC4 /* SceneDelegate.swift in Sources */,
				1421620628B1FA6600BB9D50 /* APIManager.swift in Sources */,
				14A6514628B1448E0098CAC4 /* SecondViewController.swift in Sources */,
				14A6513528B135260098CAC4 /* MainViewController.swift in Sources */,
			);
			runOnlyForDeploymentPostprocessing = 0;
		};
/* End PBXSourcesBuildPhase section */

/* Begin PBXVariantGroup section */
		14A6512228B1319B0098CAC4 /* Main.storyboard */ = {
			isa = PBXVariantGroup;
			children = (
				14A6512328B1319B0098CAC4 /* Base */,
			);
			name = Main.storyboard;
			sourceTree = "<group>";
		};
		14A6512728B1319C0098CAC4 /* LaunchScreen.storyboard */ = {
			isa = PBXVariantGroup;
			children = (
				14A6512828B1319C0098CAC4 /* Base */,
			);
			name = LaunchScreen.storyboard;
			sourceTree = "<group>";
		};
/* End PBXVariantGroup section */

/* Begin XCBuildConfiguration section */
		14A6512B28B1319C0098CAC4 /* Debug */ = {
			isa = XCBuildConfiguration;
			buildSettings = {
				ALWAYS_SEARCH_USER_PATHS = NO;
				CLANG_ANALYZER_NONNULL = YES;
				CLANG_ANALYZER_NUMBER_OBJECT_CONVERSION = YES_AGGRESSIVE;
				CLANG_CXX_LANGUAGE_STANDARD = "gnu++17";
				CLANG_ENABLE_MODULES = YES;
				CLANG_ENABLE_OBJC_ARC = YES;
				CLANG_ENABLE_OBJC_WEAK = YES;
				CLANG_WARN_BLOCK_CAPTURE_AUTORELEASING = YES;
				CLANG_WARN_BOOL_CONVERSION = YES;
				CLANG_WARN_COMMA = YES;
				CLANG_WARN_CONSTANT_CONVERSION = YES;
				CLANG_WARN_DEPRECATED_OBJC_IMPLEMENTATIONS = YES;
				CLANG_WARN_DIRECT_OBJC_ISA_USAGE = YES_ERROR;
				CLANG_WARN_DOCUMENTATION_COMMENTS = YES;
				CLANG_WARN_EMPTY_BODY = YES;
				CLANG_WARN_ENUM_CONVERSION = YES;
				CLANG_WARN_INFINITE_RECURSION = YES;
				CLANG_WARN_INT_CONVERSION = YES;
				CLANG_WARN_NON_LITERAL_NULL_CONVERSION = YES;
				CLANG_WARN_OBJC_IMPLICIT_RETAIN_SELF = YES;
				CLANG_WARN_OBJC_LITERAL_CONVERSION = YES;
				CLANG_WARN_OBJC_ROOT_CLASS = YES_ERROR;
				CLANG_WARN_QUOTED_INCLUDE_IN_FRAMEWORK_HEADER = YES;
				CLANG_WARN_RANGE_LOOP_ANALYSIS = YES;
				CLANG_WARN_STRICT_PROTOTYPES = YES;
				CLANG_WARN_SUSPICIOUS_MOVE = YES;
				CLANG_WARN_UNGUARDED_AVAILABILITY = YES_AGGRESSIVE;
				CLANG_WARN_UNREACHABLE_CODE = YES;
				CLANG_WARN__DUPLICATE_METHOD_MATCH = YES;
				COPY_PHASE_STRIP = NO;
				DEBUG_INFORMATION_FORMAT = dwarf;
				ENABLE_STRICT_OBJC_MSGSEND = YES;
				ENABLE_TESTABILITY = YES;
				GCC_C_LANGUAGE_STANDARD = gnu11;
				GCC_DYNAMIC_NO_PIC = NO;
				GCC_NO_COMMON_BLOCKS = YES;
				GCC_OPTIMIZATION_LEVEL = 0;
				GCC_PREPROCESSOR_DEFINITIONS = (
					"DEBUG=1",
					"$(inherited)",
				);
				GCC_WARN_64_TO_32_BIT_CONVERSION = YES;
				GCC_WARN_ABOUT_RETURN_TYPE = YES_ERROR;
				GCC_WARN_UNDECLARED_SELECTOR = YES;
				GCC_WARN_UNINITIALIZED_AUTOS = YES_AGGRESSIVE;
				GCC_WARN_UNUSED_FUNCTION = YES;
				GCC_WARN_UNUSED_VARIABLE = YES;
				IPHONEOS_DEPLOYMENT_TARGET = 15.5;
				MTL_ENABLE_DEBUG_INFO = INCLUDE_SOURCE;
				MTL_FAST_MATH = YES;
				ONLY_ACTIVE_ARCH = YES;
				SDKROOT = iphoneos;
				SWIFT_ACTIVE_COMPILATION_CONDITIONS = DEBUG;
				SWIFT_OPTIMIZATION_LEVEL = "-Onone";
			};
			name = Debug;
		};
		14A6512C28B1319C0098CAC4 /* Release */ = {
			isa = XCBuildConfiguration;
			buildSettings = {
				ALWAYS_SEARCH_USER_PATHS = NO;
				CLANG_ANALYZER_NONNULL = YES;
				CLANG_ANALYZER_NUMBER_OBJECT_CONVERSION = YES_AGGRESSIVE;
				CLANG_CXX_LANGUAGE_STANDARD = "gnu++17";
				CLANG_ENABLE_MODULES = YES;
				CLANG_ENABLE_OBJC_ARC = YES;
				CLANG_ENABLE_OBJC_WEAK = YES;
				CLANG_WARN_BLOCK_CAPTURE_AUTORELEASING = YES;
				CLANG_WARN_BOOL_CONVERSION = YES;
				CLANG_WARN_COMMA = YES;
				CLANG_WARN_CONSTANT_CONVERSION = YES;
				CLANG_WARN_DEPRECATED_OBJC_IMPLEMENTATIONS = YES;
				CLANG_WARN_DIRECT_OBJC_ISA_USAGE = YES_ERROR;
				CLANG_WARN_DOCUMENTATION_COMMENTS = YES;
				CLANG_WARN_EMPTY_BODY = YES;
				CLANG_WARN_ENUM_CONVERSION = YES;
				CLANG_WARN_INFINITE_RECURSION = YES;
				CLANG_WARN_INT_CONVERSION = YES;
				CLANG_WARN_NON_LITERAL_NULL_CONVERSION = YES;
				CLANG_WARN_OBJC_IMPLICIT_RETAIN_SELF = YES;
				CLANG_WARN_OBJC_LITERAL_CONVERSION = YES;
				CLANG_WARN_OBJC_ROOT_CLASS = YES_ERROR;
				CLANG_WARN_QUOTED_INCLUDE_IN_FRAMEWORK_HEADER = YES;
				CLANG_WARN_RANGE_LOOP_ANALYSIS = YES;
				CLANG_WARN_STRICT_PROTOTYPES = YES;
				CLANG_WARN_SUSPICIOUS_MOVE = YES;
				CLANG_WARN_UNGUARDED_AVAILABILITY = YES_AGGRESSIVE;
				CLANG_WARN_UNREACHABLE_CODE = YES;
				CLANG_WARN__DUPLICATE_METHOD_MATCH = YES;
				COPY_PHASE_STRIP = NO;
				DEBUG_INFORMATION_FORMAT = "dwarf-with-dsym";
				ENABLE_NS_ASSERTIONS = NO;
				ENABLE_STRICT_OBJC_MSGSEND = YES;
				GCC_C_LANGUAGE_STANDARD = gnu11;
				GCC_NO_COMMON_BLOCKS = YES;
				GCC_WARN_64_TO_32_BIT_CONVERSION = YES;
				GCC_WARN_ABOUT_RETURN_TYPE = YES_ERROR;
				GCC_WARN_UNDECLARED_SELECTOR = YES;
				GCC_WARN_UNINITIALIZED_AUTOS = YES_AGGRESSIVE;
				GCC_WARN_UNUSED_FUNCTION = YES;
				GCC_WARN_UNUSED_VARIABLE = YES;
				IPHONEOS_DEPLOYMENT_TARGET = 15.5;
				MTL_ENABLE_DEBUG_INFO = NO;
				MTL_FAST_MATH = YES;
				SDKROOT = iphoneos;
				SWIFT_COMPILATION_MODE = wholemodule;
				SWIFT_OPTIMIZATION_LEVEL = "-O";
				VALIDATE_PRODUCT = YES;
			};
			name = Release;
		};
		14A6512E28B1319C0098CAC4 /* Debug */ = {
			isa = XCBuildConfiguration;
			buildSettings = {
				ASSETCATALOG_COMPILER_APPICON_NAME = AppIcon;
				ASSETCATALOG_COMPILER_GLOBAL_ACCENT_COLOR_NAME = AccentColor;
				CODE_SIGN_STYLE = Automatic;
				CURRENT_PROJECT_VERSION = 1;
				DEVELOPMENT_TEAM = 7CR6X9MD8C;
				GENERATE_INFOPLIST_FILE = YES;
				INFOPLIST_FILE = Diary/Info.plist;
				INFOPLIST_KEY_UIApplicationSupportsIndirectInputEvents = YES;
				INFOPLIST_KEY_UILaunchStoryboardName = LaunchScreen;
				INFOPLIST_KEY_UIMainStoryboardFile = Main;
				INFOPLIST_KEY_UISupportedInterfaceOrientations_iPad = "UIInterfaceOrientationPortrait UIInterfaceOrientationPortraitUpsideDown UIInterfaceOrientationLandscapeLeft UIInterfaceOrientationLandscapeRight";
				INFOPLIST_KEY_UISupportedInterfaceOrientations_iPhone = "UIInterfaceOrientationPortrait UIInterfaceOrientationLandscapeLeft UIInterfaceOrientationLandscapeRight";
				LD_RUNPATH_SEARCH_PATHS = (
					"$(inherited)",
					"@executable_path/Frameworks",
				);
				MARKETING_VERSION = 1.0;
				PRODUCT_BUNDLE_IDENTIFIER = idhun90.Diary;
				PRODUCT_NAME = "$(TARGET_NAME)";
				SWIFT_EMIT_LOC_STRINGS = YES;
				SWIFT_VERSION = 5.0;
				TARGETED_DEVICE_FAMILY = "1,2";
			};
			name = Debug;
		};
		14A6512F28B1319C0098CAC4 /* Release */ = {
			isa = XCBuildConfiguration;
			buildSettings = {
				ASSETCATALOG_COMPILER_APPICON_NAME = AppIcon;
				ASSETCATALOG_COMPILER_GLOBAL_ACCENT_COLOR_NAME = AccentColor;
				CODE_SIGN_STYLE = Automatic;
				CURRENT_PROJECT_VERSION = 1;
				DEVELOPMENT_TEAM = 7CR6X9MD8C;
				GENERATE_INFOPLIST_FILE = YES;
				INFOPLIST_FILE = Diary/Info.plist;
				INFOPLIST_KEY_UIApplicationSupportsIndirectInputEvents = YES;
				INFOPLIST_KEY_UILaunchStoryboardName = LaunchScreen;
				INFOPLIST_KEY_UIMainStoryboardFile = Main;
				INFOPLIST_KEY_UISupportedInterfaceOrientations_iPad = "UIInterfaceOrientationPortrait UIInterfaceOrientationPortraitUpsideDown UIInterfaceOrientationLandscapeLeft UIInterfaceOrientationLandscapeRight";
				INFOPLIST_KEY_UISupportedInterfaceOrientations_iPhone = "UIInterfaceOrientationPortrait UIInterfaceOrientationLandscapeLeft UIInterfaceOrientationLandscapeRight";
				LD_RUNPATH_SEARCH_PATHS = (
					"$(inherited)",
					"@executable_path/Frameworks",
				);
				MARKETING_VERSION = 1.0;
				PRODUCT_BUNDLE_IDENTIFIER = idhun90.Diary;
				PRODUCT_NAME = "$(TARGET_NAME)";
				SWIFT_EMIT_LOC_STRINGS = YES;
				SWIFT_VERSION = 5.0;
				TARGETED_DEVICE_FAMILY = "1,2";
			};
			name = Release;
		};
/* End XCBuildConfiguration section */

/* Begin XCConfigurationList section */
		14A6511428B1319B0098CAC4 /* Build configuration list for PBXProject "Diary" */ = {
			isa = XCConfigurationList;
			buildConfigurations = (
				14A6512B28B1319C0098CAC4 /* Debug */,
				14A6512C28B1319C0098CAC4 /* Release */,
			);
			defaultConfigurationIsVisible = 0;
			defaultConfigurationName = Release;
		};
		14A6512D28B1319C0098CAC4 /* Build configuration list for PBXNativeTarget "Diary" */ = {
			isa = XCConfigurationList;
			buildConfigurations = (
				14A6512E28B1319C0098CAC4 /* Debug */,
				14A6512F28B1319C0098CAC4 /* Release */,
			);
			defaultConfigurationIsVisible = 0;
			defaultConfigurationName = Release;
		};
/* End XCConfigurationList section */

/* Begin XCRemoteSwiftPackageReference section */
		142161FA28B1F02400BB9D50 /* XCRemoteSwiftPackageReference "Kingfisher" */ = {
			isa = XCRemoteSwiftPackageReference;
			repositoryURL = "https://github.com/onevcat/Kingfisher.git";
			requirement = {
				kind = upToNextMajorVersion;
				minimumVersion = 7.0.0;
			};
		};
		142161FD28B1F03100BB9D50 /* XCRemoteSwiftPackageReference "SwiftyJSON" */ = {
			isa = XCRemoteSwiftPackageReference;
			repositoryURL = "https://github.com/SwiftyJSON/SwiftyJSON.git";
			requirement = {
				kind = upToNextMajorVersion;
				minimumVersion = 5.0.0;
			};
		};
		1421620028B1F04000BB9D50 /* XCRemoteSwiftPackageReference "Alamofire" */ = {
			isa = XCRemoteSwiftPackageReference;
			repositoryURL = "https://github.com/Alamofire/Alamofire.git";
			requirement = {
				kind = upToNextMajorVersion;
				minimumVersion = 5.0.0;
			};
		};
		14A6513E28B137F60098CAC4 /* XCRemoteSwiftPackageReference "SnapKit" */ = {
			isa = XCRemoteSwiftPackageReference;
			repositoryURL = "https://github.com/SnapKit/SnapKit.git";
			requirement = {
				kind = upToNextMajorVersion;
				minimumVersion = 5.0.0;
			};
		};
		14CADA1728B3D882005D5912 /* XCRemoteSwiftPackageReference "realm-swift" */ = {
			isa = XCRemoteSwiftPackageReference;
			repositoryURL = "https://github.com/realm/realm-swift.git";
			requirement = {
				kind = upToNextMajorVersion;
				minimumVersion = 10.28.6;
			};
		};
/* End XCRemoteSwiftPackageReference section */

/* Begin XCSwiftPackageProductDependency section */
		142161FB28B1F02400BB9D50 /* Kingfisher */ = {
			isa = XCSwiftPackageProductDependency;
			package = 142161FA28B1F02400BB9D50 /* XCRemoteSwiftPackageReference "Kingfisher" */;
			productName = Kingfisher;
		};
		142161FE28B1F03100BB9D50 /* SwiftyJSON */ = {
			isa = XCSwiftPackageProductDependency;
			package = 142161FD28B1F03100BB9D50 /* XCRemoteSwiftPackageReference "SwiftyJSON" */;
			productName = SwiftyJSON;
		};
		1421620128B1F04000BB9D50 /* Alamofire */ = {
			isa = XCSwiftPackageProductDependency;
			package = 1421620028B1F04000BB9D50 /* XCRemoteSwiftPackageReference "Alamofire" */;
			productName = Alamofire;
		};
		14A6513F28B137F60098CAC4 /* SnapKit */ = {
			isa = XCSwiftPackageProductDependency;
			package = 14A6513E28B137F60098CAC4 /* XCRemoteSwiftPackageReference "SnapKit" */;
			productName = SnapKit;
		};
		14CADA1828B3D882005D5912 /* Realm */ = {
			isa = XCSwiftPackageProductDependency;
			package = 14CADA1728B3D882005D5912 /* XCRemoteSwiftPackageReference "realm-swift" */;
			productName = Realm;
		};
		14CADA1A28B3D882005D5912 /* RealmSwift */ = {
			isa = XCSwiftPackageProductDependency;
			package = 14CADA1728B3D882005D5912 /* XCRemoteSwiftPackageReference "realm-swift" */;
			productName = RealmSwift;
		};
/* End XCSwiftPackageProductDependency section */
	};
	rootObject = 14A6511128B1319B0098CAC4 /* Project object */;
}
